
Microsoft Visual Studio Solution File, Format Version 12.00
# Visual Studio Version 17
VisualStudioVersion = 17.5.33627.172
MinimumVisualStudioVersion = 10.0.40219.1
Project("{FAE04EC0-301F-11D3-BF4B-00C04F79EFBC}") = "DetailingBedrijf", "DetailingBedrijf\DetailingBedrijf.csproj", "{AA331D34-2F5E-4EF8-8868-4D93B306374A}"
EndProject
Global
	GlobalSection(SolutionConfigurationPlatforms) = preSolution
		Debug|Any CPU = Debug|Any CPU
		Release|Any CPU = Release|Any CPU
	EndGlobalSection
	GlobalSection(ProjectConfigurationPlatforms) = postSolution
		{AA331D34-2F5E-4EF8-8868-4D93B306374A}.Debug|Any CPU.ActiveCfg = Debug|Any CPU
		{AA331D34-2F5E-4EF8-8868-4D93B306374A}.Debug|Any CPU.Build.0 = Debug|Any CPU
		{AA331D34-2F5E-4EF8-8868-4D93B306374A}.Release|Any CPU.ActiveCfg = Release|Any CPU
		{AA331D34-2F5E-4EF8-8868-4D93B306374A}.Release|Any CPU.Build.0 = Release|Any CPU
	EndGlobalSection
	GlobalSection(SolutionProperties) = preSolution
		HideSolutionNode = FALSE
	EndGlobalSection
	GlobalSection(ExtensibilityGlobals) = postSolution
		SolutionGuid = {CD4A378C-E393-4825-A96A-4E3A758FC847}
	EndGlobalSection
EndGlobal
