
Microsoft Visual Studio Solution File, Format Version 12.00
# Visual Studio Version 17
VisualStudioVersion = 17.5.33627.172
MinimumVisualStudioVersion = 10.0.40219.1
Project("{9A19103F-16F7-4668-BE54-9A1E7A4F7556}") = "DetailingBedrijf", "DetailingBedrijf\DetailingBedrijf.csproj", "{AA331D34-2F5E-4EF8-8868-4D93B306374A}"
EndProject
Project("{9A19103F-16F7-4668-BE54-9A1E7A4F7556}") = "LogicaLaag", "LogicaLaag\LogicaLaag.csproj", "{CA33B6CA-C1C1-4668-89E9-22B6F34A5909}"
EndProject
Project("{9A19103F-16F7-4668-BE54-9A1E7A4F7556}") = "DataLaag", "DataLaag\DataLaag.csproj", "{8C72EBF6-CAC8-4B0B-8F1F-46EE1D164AE7}"
EndProject
Project("{9A19103F-16F7-4668-BE54-9A1E7A4F7556}") = "InterfaceLaag", "InterfaceLaag\InterfaceLaag.csproj", "{B166A1FD-435A-4648-90BF-D0E58DC1853A}"
EndProject
Project("{FAE04EC0-301F-11D3-BF4B-00C04F79EFBC}") = "TestProject", "TestProject\TestProject.csproj", "{F68A6B89-B0A0-4E17-988E-C2F4EDA5B654}"
EndProject
Global
	GlobalSection(SolutionConfigurationPlatforms) = preSolution
		Debug|Any CPU = Debug|Any CPU
		Release|Any CPU = Release|Any CPU
	EndGlobalSection
	GlobalSection(ProjectConfigurationPlatforms) = postSolution
		{AA331D34-2F5E-4EF8-8868-4D93B306374A}.Debug|Any CPU.ActiveCfg = Debug|Any CPU
		{AA331D34-2F5E-4EF8-8868-4D93B306374A}.Debug|Any CPU.Build.0 = Debug|Any CPU
		{AA331D34-2F5E-4EF8-8868-4D93B306374A}.Release|Any CPU.ActiveCfg = Release|Any CPU
		{AA331D34-2F5E-4EF8-8868-4D93B306374A}.Release|Any CPU.Build.0 = Release|Any CPU
		{CA33B6CA-C1C1-4668-89E9-22B6F34A5909}.Debug|Any CPU.ActiveCfg = Debug|Any CPU
		{CA33B6CA-C1C1-4668-89E9-22B6F34A5909}.Debug|Any CPU.Build.0 = Debug|Any CPU
		{CA33B6CA-C1C1-4668-89E9-22B6F34A5909}.Release|Any CPU.ActiveCfg = Release|Any CPU
		{CA33B6CA-C1C1-4668-89E9-22B6F34A5909}.Release|Any CPU.Build.0 = Release|Any CPU
		{8C72EBF6-CAC8-4B0B-8F1F-46EE1D164AE7}.Debug|Any CPU.ActiveCfg = Debug|Any CPU
		{8C72EBF6-CAC8-4B0B-8F1F-46EE1D164AE7}.Debug|Any CPU.Build.0 = Debug|Any CPU
		{8C72EBF6-CAC8-4B0B-8F1F-46EE1D164AE7}.Release|Any CPU.ActiveCfg = Release|Any CPU
		{8C72EBF6-CAC8-4B0B-8F1F-46EE1D164AE7}.Release|Any CPU.Build.0 = Release|Any CPU
		{B166A1FD-435A-4648-90BF-D0E58DC1853A}.Debug|Any CPU.ActiveCfg = Debug|Any CPU
		{B166A1FD-435A-4648-90BF-D0E58DC1853A}.Debug|Any CPU.Build.0 = Debug|Any CPU
		{B166A1FD-435A-4648-90BF-D0E58DC1853A}.Release|Any CPU.ActiveCfg = Release|Any CPU
		{B166A1FD-435A-4648-90BF-D0E58DC1853A}.Release|Any CPU.Build.0 = Release|Any CPU
		{F68A6B89-B0A0-4E17-988E-C2F4EDA5B654}.Debug|Any CPU.ActiveCfg = Debug|Any CPU
		{F68A6B89-B0A0-4E17-988E-C2F4EDA5B654}.Debug|Any CPU.Build.0 = Debug|Any CPU
		{F68A6B89-B0A0-4E17-988E-C2F4EDA5B654}.Release|Any CPU.ActiveCfg = Release|Any CPU
		{F68A6B89-B0A0-4E17-988E-C2F4EDA5B654}.Release|Any CPU.Build.0 = Release|Any CPU
	EndGlobalSection
	GlobalSection(SolutionProperties) = preSolution
		HideSolutionNode = FALSE
	EndGlobalSection
	GlobalSection(ExtensibilityGlobals) = postSolution
		SolutionGuid = {CD4A378C-E393-4825-A96A-4E3A758FC847}
	EndGlobalSection
EndGlobal
